
Microsoft Visual Studio Solution File, Format Version 12.00
# Visual Studio Version 16
VisualStudioVersion = 16.0.31613.86
MinimumVisualStudioVersion = 10.0.40219.1
Project("{FAE04EC0-301F-11D3-BF4B-00C04F79EFBC}") = "SEMANA_PRACTICA 09", "SEMANA_PRACTICA 09\SEMANA_PRACTICA 09.csproj", "{86BDA71C-26DA-4619-AD69-B41C17C76A95}"
EndProject
Global
	GlobalSection(SolutionConfigurationPlatforms) = preSolution
		Debug|Any CPU = Debug|Any CPU
		Release|Any CPU = Release|Any CPU
	EndGlobalSection
	GlobalSection(ProjectConfigurationPlatforms) = postSolution
		{86BDA71C-26DA-4619-AD69-B41C17C76A95}.Debug|Any CPU.ActiveCfg = Debug|Any CPU
		{86BDA71C-26DA-4619-AD69-B41C17C76A95}.Debug|Any CPU.Build.0 = Debug|Any CPU
		{86BDA71C-26DA-4619-AD69-B41C17C76A95}.Release|Any CPU.ActiveCfg = Release|Any CPU
		{86BDA71C-26DA-4619-AD69-B41C17C76A95}.Release|Any CPU.Build.0 = Release|Any CPU
	EndGlobalSection
	GlobalSection(SolutionProperties) = preSolution
		HideSolutionNode = FALSE
	EndGlobalSection
	GlobalSection(ExtensibilityGlobals) = postSolution
		SolutionGuid = {DBEBF216-737C-41FA-9567-BC1904E87EAC}
	EndGlobalSection
EndGlobal
